
Microsoft Visual Studio Solution File, Format Version 12.00
# Visual Studio Version 17
VisualStudioVersion = 17.9.34607.119
MinimumVisualStudioVersion = 10.0.40219.1
Project("{8BC9CEB8-8B4A-11D0-8D11-00A0C91BC942}") = "GraphicsDemo", "Projects\GraphicsDemo\GraphicsDemo.vcxproj", "{6396BE66-2CBA-403F-8864-836086D2474F}"
EndProject
Project("{8BC9CEB8-8B4A-11D0-8D11-00A0C91BC942}") = "GravityCube", "Projects\GravityCube\GravityCube.vcxproj", "{F318E57B-E782-4A0F-BAD0-7B475D246D92}"
EndProject
Project("{8BC9CEB8-8B4A-11D0-8D11-00A0C91BC942}") = "Chain", "Projects\Chain\Chain.vcxproj", "{EBE82F84-B52B-461E-8EA9-8794CE37DF93}"
EndProject
Global
	GlobalSection(SolutionConfigurationPlatforms) = preSolution
		Debug|x64 = Debug|x64
		Debug|x86 = Debug|x86
		Release|x64 = Release|x64
		Release|x86 = Release|x86
	EndGlobalSection
	GlobalSection(ProjectConfigurationPlatforms) = postSolution
		{6396BE66-2CBA-403F-8864-836086D2474F}.Debug|x64.ActiveCfg = Debug|x64
		{6396BE66-2CBA-403F-8864-836086D2474F}.Debug|x64.Build.0 = Debug|x64
		{6396BE66-2CBA-403F-8864-836086D2474F}.Debug|x86.ActiveCfg = Debug|Win32
		{6396BE66-2CBA-403F-8864-836086D2474F}.Debug|x86.Build.0 = Debug|Win32
		{6396BE66-2CBA-403F-8864-836086D2474F}.Release|x64.ActiveCfg = Release|x64
		{6396BE66-2CBA-403F-8864-836086D2474F}.Release|x64.Build.0 = Release|x64
		{6396BE66-2CBA-403F-8864-836086D2474F}.Release|x86.ActiveCfg = Release|Win32
		{6396BE66-2CBA-403F-8864-836086D2474F}.Release|x86.Build.0 = Release|Win32
		{F318E57B-E782-4A0F-BAD0-7B475D246D92}.Debug|x64.ActiveCfg = Debug|x64
		{F318E57B-E782-4A0F-BAD0-7B475D246D92}.Debug|x64.Build.0 = Debug|x64
		{F318E57B-E782-4A0F-BAD0-7B475D246D92}.Debug|x86.ActiveCfg = Debug|Win32
		{F318E57B-E782-4A0F-BAD0-7B475D246D92}.Debug|x86.Build.0 = Debug|Win32
		{F318E57B-E782-4A0F-BAD0-7B475D246D92}.Release|x64.ActiveCfg = Release|x64
		{F318E57B-E782-4A0F-BAD0-7B475D246D92}.Release|x64.Build.0 = Release|x64
		{F318E57B-E782-4A0F-BAD0-7B475D246D92}.Release|x86.ActiveCfg = Release|Win32
		{F318E57B-E782-4A0F-BAD0-7B475D246D92}.Release|x86.Build.0 = Release|Win32
		{EBE82F84-B52B-461E-8EA9-8794CE37DF93}.Debug|x64.ActiveCfg = Debug|x64
		{EBE82F84-B52B-461E-8EA9-8794CE37DF93}.Debug|x64.Build.0 = Debug|x64
		{EBE82F84-B52B-461E-8EA9-8794CE37DF93}.Debug|x86.ActiveCfg = Debug|Win32
		{EBE82F84-B52B-461E-8EA9-8794CE37DF93}.Debug|x86.Build.0 = Debug|Win32
		{EBE82F84-B52B-461E-8EA9-8794CE37DF93}.Release|x64.ActiveCfg = Release|x64
		{EBE82F84-B52B-461E-8EA9-8794CE37DF93}.Release|x64.Build.0 = Release|x64
		{EBE82F84-B52B-461E-8EA9-8794CE37DF93}.Release|x86.ActiveCfg = Release|Win32
		{EBE82F84-B52B-461E-8EA9-8794CE37DF93}.Release|x86.Build.0 = Release|Win32
	EndGlobalSection
	GlobalSection(SolutionProperties) = preSolution
		HideSolutionNode = FALSE
	EndGlobalSection
	GlobalSection(ExtensibilityGlobals) = postSolution
		SolutionGuid = {63A7A008-0533-4808-8485-660FC46AB6C1}
	EndGlobalSection
EndGlobal
